
Microsoft Visual Studio Solution File, Format Version 12.00
# Visual Studio Version 17
VisualStudioVersion = 17.2.32505.173
MinimumVisualStudioVersion = 10.0.40219.1
Project("{9A19103F-16F7-4668-BE54-9A1E7A4F7556}") = "eCommerce.API", "eCommerce.API\eCommerce.API.csproj", "{CE8C4157-1F90-462A-9B84-1FBE026BC835}"
EndProject
Project("{9A19103F-16F7-4668-BE54-9A1E7A4F7556}") = "eCommerceApp.Server.UI", "eCommerceApp.Server.UI\eCommerceApp.Server.UI.csproj", "{17DD82CC-F110-4041-80A4-143250F2F937}"
EndProject
Global
	GlobalSection(SolutionConfigurationPlatforms) = preSolution
		Debug|Any CPU = Debug|Any CPU
		Release|Any CPU = Release|Any CPU
	EndGlobalSection
	GlobalSection(ProjectConfigurationPlatforms) = postSolution
		{CE8C4157-1F90-462A-9B84-1FBE026BC835}.Debug|Any CPU.ActiveCfg = Debug|Any CPU
		{CE8C4157-1F90-462A-9B84-1FBE026BC835}.Debug|Any CPU.Build.0 = Debug|Any CPU
		{CE8C4157-1F90-462A-9B84-1FBE026BC835}.Release|Any CPU.ActiveCfg = Release|Any CPU
		{CE8C4157-1F90-462A-9B84-1FBE026BC835}.Release|Any CPU.Build.0 = Release|Any CPU
		{17DD82CC-F110-4041-80A4-143250F2F937}.Debug|Any CPU.ActiveCfg = Debug|Any CPU
		{17DD82CC-F110-4041-80A4-143250F2F937}.Debug|Any CPU.Build.0 = Debug|Any CPU
		{17DD82CC-F110-4041-80A4-143250F2F937}.Release|Any CPU.ActiveCfg = Release|Any CPU
		{17DD82CC-F110-4041-80A4-143250F2F937}.Release|Any CPU.Build.0 = Release|Any CPU
	EndGlobalSection
	GlobalSection(SolutionProperties) = preSolution
		HideSolutionNode = FALSE
	EndGlobalSection
	GlobalSection(ExtensibilityGlobals) = postSolution
		SolutionGuid = {3BB57FD8-B6FB-4350-ABB3-CA4538F24694}
	EndGlobalSection
EndGlobal
